# Nomad browser integration snapshot lock v1
github.com/Jtensetti/nomad-local-reconstruction 3f87f8f claude/nomad-production-ready-dxv4ql
github.com/Jtensetti/nomad-selection-firewall f45a5f9 claude/nomad-production-ready-dxv4ql
github.com/Jtensetti/nomad-semantic-basins a9c468c claude/nomad-production-ready-dxv4ql
